
Microsoft Visual Studio Solution File, Format Version 12.00
# Visual Studio Version 17
VisualStudioVersion = 17.7.34031.279
MinimumVisualStudioVersion = 10.0.40219.1
Project("{FAE04EC0-301F-11D3-BF4B-00C04F79EFBC}") = "WordGame", "WordGame\WordGame.csproj", "{1BEC85E3-C9B4-41A8-86E8-4FB5C9A2104C}"
EndProject
Global
	GlobalSection(SolutionConfigurationPlatforms) = preSolution
		Debug|Any CPU = Debug|Any CPU
		Release|Any CPU = Release|Any CPU
	EndGlobalSection
	GlobalSection(ProjectConfigurationPlatforms) = postSolution
		{1BEC85E3-C9B4-41A8-86E8-4FB5C9A2104C}.Debug|Any CPU.ActiveCfg = Debug|Any CPU
		{1BEC85E3-C9B4-41A8-86E8-4FB5C9A2104C}.Debug|Any CPU.Build.0 = Debug|Any CPU
		{1BEC85E3-C9B4-41A8-86E8-4FB5C9A2104C}.Release|Any CPU.ActiveCfg = Release|Any CPU
		{1BEC85E3-C9B4-41A8-86E8-4FB5C9A2104C}.Release|Any CPU.Build.0 = Release|Any CPU
	EndGlobalSection
	GlobalSection(SolutionProperties) = preSolution
		HideSolutionNode = FALSE
	EndGlobalSection
	GlobalSection(ExtensibilityGlobals) = postSolution
		SolutionGuid = {3EC91A63-87E5-423B-9D2C-474E802B334E}
	EndGlobalSection
EndGlobal
